
Microsoft Visual Studio Solution File, Format Version 12.00
# Visual Studio Version 16
VisualStudioVersion = 16.0.31605.320
MinimumVisualStudioVersion = 10.0.40219.1
Project("{FAE04EC0-301F-11D3-BF4B-00C04F79EFBC}") = "WebApplicationghkey", "WebApplicationghkey\WebApplicationghkey.csproj", "{E0E245B4-A412-4407-859C-092C69E70728}"
EndProject
Project("{2150E333-8FDC-42A3-9474-1A3956D46DE8}") = "Models", "Models", "{1681009C-671A-4782-8E7D-CAC341173AE0}"
EndProject
Global
	GlobalSection(SolutionConfigurationPlatforms) = preSolution
		Debug|Any CPU = Debug|Any CPU
		Release|Any CPU = Release|Any CPU
	EndGlobalSection
	GlobalSection(ProjectConfigurationPlatforms) = postSolution
		{E0E245B4-A412-4407-859C-092C69E70728}.Debug|Any CPU.ActiveCfg = Debug|Any CPU
		{E0E245B4-A412-4407-859C-092C69E70728}.Debug|Any CPU.Build.0 = Debug|Any CPU
		{E0E245B4-A412-4407-859C-092C69E70728}.Release|Any CPU.ActiveCfg = Release|Any CPU
		{E0E245B4-A412-4407-859C-092C69E70728}.Release|Any CPU.Build.0 = Release|Any CPU
	EndGlobalSection
	GlobalSection(SolutionProperties) = preSolution
		HideSolutionNode = FALSE
	EndGlobalSection
	GlobalSection(ExtensibilityGlobals) = postSolution
		SolutionGuid = {1E242F74-A08C-4828-BD4F-1EC182A466FF}
	EndGlobalSection
EndGlobal
